
Microsoft Visual Studio Solution File, Format Version 12.00
# Visual Studio Version 17
VisualStudioVersion = 17.3.32929.385
MinimumVisualStudioVersion = 10.0.40219.1
Project("{FAE04EC0-301F-11D3-BF4B-00C04F79EFBC}") = "Generics_GL", "Generics_GL\Generics_GL.csproj", "{C551B968-778A-4DD1-91E4-7582F64A552A}"
EndProject
Global
	GlobalSection(SolutionConfigurationPlatforms) = preSolution
		Debug|Any CPU = Debug|Any CPU
		Release|Any CPU = Release|Any CPU
	EndGlobalSection
	GlobalSection(ProjectConfigurationPlatforms) = postSolution
		{C551B968-778A-4DD1-91E4-7582F64A552A}.Debug|Any CPU.ActiveCfg = Debug|Any CPU
		{C551B968-778A-4DD1-91E4-7582F64A552A}.Debug|Any CPU.Build.0 = Debug|Any CPU
		{C551B968-778A-4DD1-91E4-7582F64A552A}.Release|Any CPU.ActiveCfg = Release|Any CPU
		{C551B968-778A-4DD1-91E4-7582F64A552A}.Release|Any CPU.Build.0 = Release|Any CPU
	EndGlobalSection
	GlobalSection(SolutionProperties) = preSolution
		HideSolutionNode = FALSE
	EndGlobalSection
	GlobalSection(ExtensibilityGlobals) = postSolution
		SolutionGuid = {0AE62D66-FB8E-4F97-9A9F-421BDB44F62F}
	EndGlobalSection
EndGlobal
