
Microsoft Visual Studio Solution File, Format Version 12.00
# Visual Studio Version 17
VisualStudioVersion = 17.3.32929.385
MinimumVisualStudioVersion = 10.0.40219.1
Project("{FAE04EC0-301F-11D3-BF4B-00C04F79EFBC}") = "FormsGL", "FormsGL\FormsGL.csproj", "{7326F5B6-3FCE-44CA-892D-FF742EE5A8CD}"
EndProject
Global
	GlobalSection(SolutionConfigurationPlatforms) = preSolution
		Debug|Any CPU = Debug|Any CPU
		Release|Any CPU = Release|Any CPU
	EndGlobalSection
	GlobalSection(ProjectConfigurationPlatforms) = postSolution
		{7326F5B6-3FCE-44CA-892D-FF742EE5A8CD}.Debug|Any CPU.ActiveCfg = Debug|Any CPU
		{7326F5B6-3FCE-44CA-892D-FF742EE5A8CD}.Debug|Any CPU.Build.0 = Debug|Any CPU
		{7326F5B6-3FCE-44CA-892D-FF742EE5A8CD}.Release|Any CPU.ActiveCfg = Release|Any CPU
		{7326F5B6-3FCE-44CA-892D-FF742EE5A8CD}.Release|Any CPU.Build.0 = Release|Any CPU
	EndGlobalSection
	GlobalSection(SolutionProperties) = preSolution
		HideSolutionNode = FALSE
	EndGlobalSection
	GlobalSection(ExtensibilityGlobals) = postSolution
		SolutionGuid = {91C5C13A-47D8-41B8-91BD-08CA8B7C3E89}
	EndGlobalSection
EndGlobal
