
Microsoft Visual Studio Solution File, Format Version 12.00
# Visual Studio Version 17
VisualStudioVersion = 17.4.33103.184
MinimumVisualStudioVersion = 10.0.40219.1
Project("{FAE04EC0-301F-11D3-BF4B-00C04F79EFBC}") = "Wifi.PlaylistEditor.Types", "Wifi.PlaylistEditor.Types\Wifi.PlaylistEditor.Types.csproj", "{A47B4F2C-DDCE-4D64-A683-E6C68ED0A4E6}"
EndProject
Project("{FAE04EC0-301F-11D3-BF4B-00C04F79EFBC}") = "Wifi.PlaylistEditor.Types.Test", "Wifi.PlaylistEditor.Types.Test\Wifi.PlaylistEditor.Types.Test.csproj", "{2151DF1E-F279-445C-ABA2-244ACD9B4C6B}"
EndProject
Global
	GlobalSection(SolutionConfigurationPlatforms) = preSolution
		Debug|Any CPU = Debug|Any CPU
		Release|Any CPU = Release|Any CPU
	EndGlobalSection
	GlobalSection(ProjectConfigurationPlatforms) = postSolution
		{A47B4F2C-DDCE-4D64-A683-E6C68ED0A4E6}.Debug|Any CPU.ActiveCfg = Debug|Any CPU
		{A47B4F2C-DDCE-4D64-A683-E6C68ED0A4E6}.Debug|Any CPU.Build.0 = Debug|Any CPU
		{A47B4F2C-DDCE-4D64-A683-E6C68ED0A4E6}.Release|Any CPU.ActiveCfg = Release|Any CPU
		{A47B4F2C-DDCE-4D64-A683-E6C68ED0A4E6}.Release|Any CPU.Build.0 = Release|Any CPU
		{2151DF1E-F279-445C-ABA2-244ACD9B4C6B}.Debug|Any CPU.ActiveCfg = Debug|Any CPU
		{2151DF1E-F279-445C-ABA2-244ACD9B4C6B}.Debug|Any CPU.Build.0 = Debug|Any CPU
		{2151DF1E-F279-445C-ABA2-244ACD9B4C6B}.Release|Any CPU.ActiveCfg = Release|Any CPU
		{2151DF1E-F279-445C-ABA2-244ACD9B4C6B}.Release|Any CPU.Build.0 = Release|Any CPU
	EndGlobalSection
	GlobalSection(SolutionProperties) = preSolution
		HideSolutionNode = FALSE
	EndGlobalSection
	GlobalSection(ExtensibilityGlobals) = postSolution
		SolutionGuid = {2D0EEC9C-7417-48F1-B0C9-05F8A0F843AF}
	EndGlobalSection
EndGlobal
