
Microsoft Visual Studio Solution File, Format Version 12.00
# Visual Studio Version 17
VisualStudioVersion = 17.3.32929.385
MinimumVisualStudioVersion = 10.0.40219.1
Project("{FAE04EC0-301F-11D3-BF4B-00C04F79EFBC}") = "Polymorphie_GL", "Polymorphie_GL\Polymorphie_GL.csproj", "{59D4A54E-287F-4DAB-B3AA-78211AF2E47E}"
EndProject
Global
	GlobalSection(SolutionConfigurationPlatforms) = preSolution
		Debug|Any CPU = Debug|Any CPU
		Release|Any CPU = Release|Any CPU
	EndGlobalSection
	GlobalSection(ProjectConfigurationPlatforms) = postSolution
		{59D4A54E-287F-4DAB-B3AA-78211AF2E47E}.Debug|Any CPU.ActiveCfg = Debug|Any CPU
		{59D4A54E-287F-4DAB-B3AA-78211AF2E47E}.Debug|Any CPU.Build.0 = Debug|Any CPU
		{59D4A54E-287F-4DAB-B3AA-78211AF2E47E}.Release|Any CPU.ActiveCfg = Release|Any CPU
		{59D4A54E-287F-4DAB-B3AA-78211AF2E47E}.Release|Any CPU.Build.0 = Release|Any CPU
	EndGlobalSection
	GlobalSection(SolutionProperties) = preSolution
		HideSolutionNode = FALSE
	EndGlobalSection
	GlobalSection(ExtensibilityGlobals) = postSolution
		SolutionGuid = {D0941A2B-59BB-4647-8621-236A7AE2AA83}
	EndGlobalSection
EndGlobal
