
Microsoft Visual Studio Solution File, Format Version 12.00
# Visual Studio Version 17
VisualStudioVersion = 17.3.32922.545
MinimumVisualStudioVersion = 10.0.40219.1
Project("{FAE04EC0-301F-11D3-BF4B-00C04F79EFBC}") = "MethodenGL", "MethodenGL\MethodenGL.csproj", "{37841B76-5FC0-450E-8DEA-B301FC59A9C5}"
EndProject
Global
	GlobalSection(SolutionConfigurationPlatforms) = preSolution
		Debug|Any CPU = Debug|Any CPU
		Release|Any CPU = Release|Any CPU
	EndGlobalSection
	GlobalSection(ProjectConfigurationPlatforms) = postSolution
		{37841B76-5FC0-450E-8DEA-B301FC59A9C5}.Debug|Any CPU.ActiveCfg = Debug|Any CPU
		{37841B76-5FC0-450E-8DEA-B301FC59A9C5}.Debug|Any CPU.Build.0 = Debug|Any CPU
		{37841B76-5FC0-450E-8DEA-B301FC59A9C5}.Release|Any CPU.ActiveCfg = Release|Any CPU
		{37841B76-5FC0-450E-8DEA-B301FC59A9C5}.Release|Any CPU.Build.0 = Release|Any CPU
	EndGlobalSection
	GlobalSection(SolutionProperties) = preSolution
		HideSolutionNode = FALSE
	EndGlobalSection
	GlobalSection(ExtensibilityGlobals) = postSolution
		SolutionGuid = {A060E15E-CBF4-45AC-B4DA-22ADCFE78325}
	EndGlobalSection
EndGlobal
