
Microsoft Visual Studio Solution File, Format Version 12.00
# Visual Studio Version 17
VisualStudioVersion = 17.3.32929.385
MinimumVisualStudioVersion = 10.0.40219.1
Project("{FAE04EC0-301F-11D3-BF4B-00C04F79EFBC}") = "LinQ_GL", "LinQ_GL\LinQ_GL.csproj", "{CCC1E050-FB95-437E-B117-7A2BBB2B368D}"
EndProject
Global
	GlobalSection(SolutionConfigurationPlatforms) = preSolution
		Debug|Any CPU = Debug|Any CPU
		Release|Any CPU = Release|Any CPU
	EndGlobalSection
	GlobalSection(ProjectConfigurationPlatforms) = postSolution
		{CCC1E050-FB95-437E-B117-7A2BBB2B368D}.Debug|Any CPU.ActiveCfg = Debug|Any CPU
		{CCC1E050-FB95-437E-B117-7A2BBB2B368D}.Debug|Any CPU.Build.0 = Debug|Any CPU
		{CCC1E050-FB95-437E-B117-7A2BBB2B368D}.Release|Any CPU.ActiveCfg = Release|Any CPU
		{CCC1E050-FB95-437E-B117-7A2BBB2B368D}.Release|Any CPU.Build.0 = Release|Any CPU
	EndGlobalSection
	GlobalSection(SolutionProperties) = preSolution
		HideSolutionNode = FALSE
	EndGlobalSection
	GlobalSection(ExtensibilityGlobals) = postSolution
		SolutionGuid = {D270F839-7057-41D3-87DD-C708E908D1D5}
	EndGlobalSection
EndGlobal
